
Microsoft Visual Studio Solution File, Format Version 12.00
# Visual Studio Version 17
VisualStudioVersion = 17.3.32929.385
MinimumVisualStudioVersion = 10.0.40219.1
Project("{FAE04EC0-301F-11D3-BF4B-00C04F79EFBC}") = "agriculture", "agriculture\agriculture.csproj", "{A8F9D482-5887-428F-8C70-E75E03B26A85}"
EndProject
Global
	GlobalSection(SolutionConfigurationPlatforms) = preSolution
		Debug|Any CPU = Debug|Any CPU
		Release|Any CPU = Release|Any CPU
	EndGlobalSection
	GlobalSection(ProjectConfigurationPlatforms) = postSolution
		{A8F9D482-5887-428F-8C70-E75E03B26A85}.Debug|Any CPU.ActiveCfg = Debug|Any CPU
		{A8F9D482-5887-428F-8C70-E75E03B26A85}.Debug|Any CPU.Build.0 = Debug|Any CPU
		{A8F9D482-5887-428F-8C70-E75E03B26A85}.Release|Any CPU.ActiveCfg = Release|Any CPU
		{A8F9D482-5887-428F-8C70-E75E03B26A85}.Release|Any CPU.Build.0 = Release|Any CPU
	EndGlobalSection
	GlobalSection(SolutionProperties) = preSolution
		HideSolutionNode = FALSE
	EndGlobalSection
	GlobalSection(ExtensibilityGlobals) = postSolution
		SolutionGuid = {A3A7C1A5-CB33-4CAD-8CEB-811AC0C0EF35}
	EndGlobalSection
EndGlobal
